
Microsoft Visual Studio Solution File, Format Version 12.00
# Visual Studio Version 16
VisualStudioVersion = 16.0.33027.164
MinimumVisualStudioVersion = 10.0.40219.1
Project("{FAE04EC0-301F-11D3-BF4B-00C04F79EFBC}") = "ToDo", "ToDo\ToDo.csproj", "{FC14644E-211A-427F-9C2D-FA482519693C}"
EndProject
Project("{FAE04EC0-301F-11D3-BF4B-00C04F79EFBC}") = "Home", "ToDo\Home\Home.csproj", "{3AD74174-DA2F-4780-B8ED-AA7795D1C2ED}"
EndProject
Project("{FAE04EC0-301F-11D3-BF4B-00C04F79EFBC}") = "Statistics", "ToDo\Statistics\Statistics.csproj", "{9A42830A-00AA-425F-9B8D-B65F3ADFB370}"
EndProject
Project("{FAE04EC0-301F-11D3-BF4B-00C04F79EFBC}") = "Level System", "ToDo\Level System\Level System.csproj", "{697638A9-5379-4664-A440-E881E3A9A974}"
EndProject
Global
	GlobalSection(SolutionConfigurationPlatforms) = preSolution
		Debug|Any CPU = Debug|Any CPU
		Release|Any CPU = Release|Any CPU
	EndGlobalSection
	GlobalSection(ProjectConfigurationPlatforms) = postSolution
		{FC14644E-211A-427F-9C2D-FA482519693C}.Debug|Any CPU.ActiveCfg = Debug|Any CPU
		{FC14644E-211A-427F-9C2D-FA482519693C}.Debug|Any CPU.Build.0 = Debug|Any CPU
		{FC14644E-211A-427F-9C2D-FA482519693C}.Release|Any CPU.ActiveCfg = Release|Any CPU
		{FC14644E-211A-427F-9C2D-FA482519693C}.Release|Any CPU.Build.0 = Release|Any CPU
		{3AD74174-DA2F-4780-B8ED-AA7795D1C2ED}.Debug|Any CPU.ActiveCfg = Debug|Any CPU
		{3AD74174-DA2F-4780-B8ED-AA7795D1C2ED}.Debug|Any CPU.Build.0 = Debug|Any CPU
		{3AD74174-DA2F-4780-B8ED-AA7795D1C2ED}.Release|Any CPU.ActiveCfg = Release|Any CPU
		{3AD74174-DA2F-4780-B8ED-AA7795D1C2ED}.Release|Any CPU.Build.0 = Release|Any CPU
		{9A42830A-00AA-425F-9B8D-B65F3ADFB370}.Debug|Any CPU.ActiveCfg = Debug|Any CPU
		{9A42830A-00AA-425F-9B8D-B65F3ADFB370}.Debug|Any CPU.Build.0 = Debug|Any CPU
		{9A42830A-00AA-425F-9B8D-B65F3ADFB370}.Release|Any CPU.ActiveCfg = Release|Any CPU
		{9A42830A-00AA-425F-9B8D-B65F3ADFB370}.Release|Any CPU.Build.0 = Release|Any CPU
		{697638A9-5379-4664-A440-E881E3A9A974}.Debug|Any CPU.ActiveCfg = Debug|Any CPU
		{697638A9-5379-4664-A440-E881E3A9A974}.Debug|Any CPU.Build.0 = Debug|Any CPU
		{697638A9-5379-4664-A440-E881E3A9A974}.Release|Any CPU.ActiveCfg = Release|Any CPU
		{697638A9-5379-4664-A440-E881E3A9A974}.Release|Any CPU.Build.0 = Release|Any CPU
	EndGlobalSection
	GlobalSection(SolutionProperties) = preSolution
		HideSolutionNode = FALSE
	EndGlobalSection
	GlobalSection(ExtensibilityGlobals) = postSolution
		SolutionGuid = {8EBBF9E2-F2B0-4F8B-B569-F4286617D493}
	EndGlobalSection
EndGlobal
